
Microsoft Visual Studio Solution File, Format Version 12.00
# Visual Studio Version 16
VisualStudioVersion = 16.0.31424.327
MinimumVisualStudioVersion = 10.0.40219.1
Project("{FAE04EC0-301F-11D3-BF4B-00C04F79EFBC}") = "CompanyTrainingManagerApi", "CompanyTrainingManagerApi\CompanyTrainingManagerApi.csproj", "{E7AB0443-7D5D-46C3-BDF1-632992F1F40A}"
EndProject
Global
	GlobalSection(SolutionConfigurationPlatforms) = preSolution
		Debug|Any CPU = Debug|Any CPU
		Release|Any CPU = Release|Any CPU
	EndGlobalSection
	GlobalSection(ProjectConfigurationPlatforms) = postSolution
		{E7AB0443-7D5D-46C3-BDF1-632992F1F40A}.Debug|Any CPU.ActiveCfg = Debug|Any CPU
		{E7AB0443-7D5D-46C3-BDF1-632992F1F40A}.Debug|Any CPU.Build.0 = Debug|Any CPU
		{E7AB0443-7D5D-46C3-BDF1-632992F1F40A}.Release|Any CPU.ActiveCfg = Release|Any CPU
		{E7AB0443-7D5D-46C3-BDF1-632992F1F40A}.Release|Any CPU.Build.0 = Release|Any CPU
	EndGlobalSection
	GlobalSection(SolutionProperties) = preSolution
		HideSolutionNode = FALSE
	EndGlobalSection
	GlobalSection(ExtensibilityGlobals) = postSolution
		SolutionGuid = {00158592-12DA-46A2-9CC5-7912EAD677EC}
	EndGlobalSection
EndGlobal
